
Microsoft Visual Studio Solution File, Format Version 12.00
# Visual Studio Version 16
VisualStudioVersion = 16.0.32929.386
MinimumVisualStudioVersion = 10.0.40219.1
Project("{FAE04EC0-301F-11D3-BF4B-00C04F79EFBC}") = "Hafta2", "Hafta2.csproj", "{FB9B5EDA-2D15-466C-A4F9-8006286EDFC2}"
EndProject
Project("{FAE04EC0-301F-11D3-BF4B-00C04F79EFBC}") = "Hafta3", "..\Hafta3\Hafta3.csproj", "{A27EA1E3-4249-47C4-9E02-2D537A7DA886}"
EndProject
Project("{FAE04EC0-301F-11D3-BF4B-00C04F79EFBC}") = "Hafta4", "..\Hafta4\Hafta4.csproj", "{37987358-EF2B-430D-B5F5-D494327B768C}"
EndProject
Project("{FAE04EC0-301F-11D3-BF4B-00C04F79EFBC}") = "Hafta-5", "..\Hafta-5\Hafta-5.csproj", "{2EB13E7E-293C-43AF-A173-E4B3BF4FA306}"
EndProject
Global
	GlobalSection(SolutionConfigurationPlatforms) = preSolution
		Debug|Any CPU = Debug|Any CPU
		Release|Any CPU = Release|Any CPU
	EndGlobalSection
	GlobalSection(ProjectConfigurationPlatforms) = postSolution
		{FB9B5EDA-2D15-466C-A4F9-8006286EDFC2}.Debug|Any CPU.ActiveCfg = Debug|Any CPU
		{FB9B5EDA-2D15-466C-A4F9-8006286EDFC2}.Debug|Any CPU.Build.0 = Debug|Any CPU
		{FB9B5EDA-2D15-466C-A4F9-8006286EDFC2}.Release|Any CPU.ActiveCfg = Release|Any CPU
		{FB9B5EDA-2D15-466C-A4F9-8006286EDFC2}.Release|Any CPU.Build.0 = Release|Any CPU
		{A27EA1E3-4249-47C4-9E02-2D537A7DA886}.Debug|Any CPU.ActiveCfg = Debug|Any CPU
		{A27EA1E3-4249-47C4-9E02-2D537A7DA886}.Debug|Any CPU.Build.0 = Debug|Any CPU
		{A27EA1E3-4249-47C4-9E02-2D537A7DA886}.Release|Any CPU.ActiveCfg = Release|Any CPU
		{A27EA1E3-4249-47C4-9E02-2D537A7DA886}.Release|Any CPU.Build.0 = Release|Any CPU
		{37987358-EF2B-430D-B5F5-D494327B768C}.Debug|Any CPU.ActiveCfg = Debug|Any CPU
		{37987358-EF2B-430D-B5F5-D494327B768C}.Debug|Any CPU.Build.0 = Debug|Any CPU
		{37987358-EF2B-430D-B5F5-D494327B768C}.Release|Any CPU.ActiveCfg = Release|Any CPU
		{37987358-EF2B-430D-B5F5-D494327B768C}.Release|Any CPU.Build.0 = Release|Any CPU
		{2EB13E7E-293C-43AF-A173-E4B3BF4FA306}.Debug|Any CPU.ActiveCfg = Debug|Any CPU
		{2EB13E7E-293C-43AF-A173-E4B3BF4FA306}.Debug|Any CPU.Build.0 = Debug|Any CPU
		{2EB13E7E-293C-43AF-A173-E4B3BF4FA306}.Release|Any CPU.ActiveCfg = Release|Any CPU
		{2EB13E7E-293C-43AF-A173-E4B3BF4FA306}.Release|Any CPU.Build.0 = Release|Any CPU
	EndGlobalSection
	GlobalSection(SolutionProperties) = preSolution
		HideSolutionNode = FALSE
	EndGlobalSection
	GlobalSection(ExtensibilityGlobals) = postSolution
		SolutionGuid = {6FF116B4-A862-4CC5-9ED5-5B766D5C52D1}
	EndGlobalSection
EndGlobal
